
Microsoft Visual Studio Solution File, Format Version 11.00
# Visual Studio 2010
Project("{FAE04EC0-301F-11D3-BF4B-00C04F79EFBC}") = "AlienDefense", "Assembly-CSharp.csproj", "{5194141C-24A8-5624-BAAE-B1EDE689C4A1}"
EndProject
Global
	GlobalSection(SolutionConfigurationPlatforms) = preSolution
		Debug|Any CPU = Debug|Any CPU
		Release|Any CPU = Release|Any CPU
	EndGlobalSection
	GlobalSection(ProjectConfigurationPlatforms) = postSolution
		{5194141C-24A8-5624-BAAE-B1EDE689C4A1}.Debug|Any CPU.ActiveCfg = Debug|Any CPU
		{5194141C-24A8-5624-BAAE-B1EDE689C4A1}.Debug|Any CPU.Build.0 = Debug|Any CPU
		{5194141C-24A8-5624-BAAE-B1EDE689C4A1}.Release|Any CPU.ActiveCfg = Release|Any CPU
		{5194141C-24A8-5624-BAAE-B1EDE689C4A1}.Release|Any CPU.Build.0 = Release|Any CPU
	EndGlobalSection
	GlobalSection(SolutionProperties) = preSolution
		HideSolutionNode = FALSE
	EndGlobalSection
	GlobalSection(MonoDevelopProperties) = preSolution
		StartupItem = Assembly-CSharp.csproj
	EndGlobalSection
EndGlobal
